<?xml version="1.0" encoding="utf-8"?>
<Project ToolsVersion="4.0" xmlns="http://schemas.microsoft.com/developer/msbuild/2003">
  <ItemGroup>
    <ClCompile Include="common\amigaobj.c">
      <Filter>common</Filter>
    </ClCompile>
    <ClCompile Include="common\binobj.c">
      <Filter>common</Filter>
    </ClCompile>
    <ClCompile Include="common\fstack.c">
      <Filter>common</Filter>
    </ClCompile>
    <ClCompile Include="common\globlex.c">
      <Filter>common</Filter>
    </ClCompile>
    <ClCompile Include="common\lexer.c">
      <Filter>common</Filter>
    </ClCompile>
    <ClCompile Include="common\main.c">
      <Filter>common</Filter>
    </ClCompile>
    <ClCompile Include="common\object.c">
      <Filter>common</Filter>
    </ClCompile>
    <ClCompile Include="common\options.c">
      <Filter>common</Filter>
    </ClCompile>
    <ClCompile Include="common\parse.c">
      <Filter>common</Filter>
    </ClCompile>
    <ClCompile Include="common\patch.c">
      <Filter>common</Filter>
    </ClCompile>
    <ClCompile Include="common\project.c">
      <Filter>common</Filter>
    </ClCompile>
    <ClCompile Include="common\section.c">
      <Filter>common</Filter>
    </ClCompile>
    <ClCompile Include="common\symbol.c">
      <Filter>common</Filter>
    </ClCompile>
    <ClCompile Include="6502\locerror.c">
      <Filter>local</Filter>
    </ClCompile>
    <ClCompile Include="6502\loclexer.c">
      <Filter>local</Filter>
    </ClCompile>
    <ClCompile Include="6502\locopt.c">
      <Filter>local</Filter>
    </ClCompile>
    <ClCompile Include="6502\locparse.c">
      <Filter>local</Filter>
    </ClCompile>
    <ClCompile Include="6502\locsym.c">
      <Filter>local</Filter>
    </ClCompile>
  </ItemGroup>
  <ItemGroup>
    <ClInclude Include="common\lists.h">
      <Filter>common</Filter>
    </ClInclude>
    <ClInclude Include="common\amigaobj.h">
      <Filter>common</Filter>
    </ClInclude>
    <ClInclude Include="..\asmotor.h">
      <Filter>common</Filter>
    </ClInclude>
    <ClInclude Include="common\binobj.h">
      <Filter>common</Filter>
    </ClInclude>
    <ClInclude Include="common\expr.h">
      <Filter>common</Filter>
    </ClInclude>
    <ClInclude Include="common\fstack.h">
      <Filter>common</Filter>
    </ClInclude>
    <ClInclude Include="common\globlex.h">
      <Filter>common</Filter>
    </ClInclude>
    <ClInclude Include="common\lexer.h">
      <Filter>common</Filter>
    </ClInclude>
    <ClInclude Include="common\symbol.h">
      <Filter>common</Filter>
    </ClInclude>
    <ClInclude Include="common\object.h">
      <Filter>common</Filter>
    </ClInclude>
    <ClInclude Include="common\options.h">
      <Filter>common</Filter>
    </ClInclude>
    <ClInclude Include="common\parse.h">
      <Filter>common</Filter>
    </ClInclude>
    <ClInclude Include="common\patch.h">
      <Filter>common</Filter>
    </ClInclude>
    <ClInclude Include="common\project.h">
      <Filter>common</Filter>
    </ClInclude>
    <ClInclude Include="common\section.h">
      <Filter>common</Filter>
    </ClInclude>
    <ClInclude Include="common\tokens.h">
      <Filter>common</Filter>
    </ClInclude>
    <ClInclude Include="common\xasm.h">
      <Filter>common</Filter>
    </ClInclude>
    <ClInclude Include="..\types.h">
      <Filter>common</Filter>
    </ClInclude>
    <ClInclude Include="6502\intinstr.h">
      <Filter>local</Filter>
    </ClInclude>
    <ClInclude Include="6502\localasm.h">
      <Filter>local</Filter>
    </ClInclude>
    <ClInclude Include="6502\loccpu.h">
      <Filter>local</Filter>
    </ClInclude>
    <ClInclude Include="6502\locopt.h">
      <Filter>local</Filter>
    </ClInclude>
  </ItemGroup>
  <ItemGroup>
    <Filter Include="common">
      <UniqueIdentifier>{4dbd0f8a-28e9-406b-9c76-73296fba4b68}</UniqueIdentifier>
    </Filter>
    <Filter Include="local">
      <UniqueIdentifier>{4dec8a25-359a-4697-a746-486303f2c178}</UniqueIdentifier>
    </Filter>
    <Filter Include="test">
      <UniqueIdentifier>{019ad5ec-6a16-4be1-b368-41656857a677}</UniqueIdentifier>
    </Filter>
  </ItemGroup>
  <ItemGroup>
    <None Include="6502\test\test.6502">
      <Filter>test</Filter>
    </None>
  </ItemGroup>
</Project>