<?xml version="1.0" encoding="utf-8"?>
<Project ToolsVersion="4.0" xmlns="http://schemas.microsoft.com/developer/msbuild/2003">
  <ItemGroup>
    <ClCompile Include="common\amigaobj.c">
      <Filter>common</Filter>
    </ClCompile>
    <ClCompile Include="common\binobj.c">
      <Filter>common</Filter>
    </ClCompile>
    <ClCompile Include="common\fstack.c">
      <Filter>common</Filter>
    </ClCompile>
    <ClCompile Include="common\globlex.c">
      <Filter>common</Filter>
    </ClCompile>
    <ClCompile Include="common\lexer.c">
      <Filter>common</Filter>
    </ClCompile>
    <ClCompile Include="common\main.c">
      <Filter>common</Filter>
    </ClCompile>
    <ClCompile Include="common\object.c">
      <Filter>common</Filter>
    </ClCompile>
    <ClCompile Include="common\options.c">
      <Filter>common</Filter>
    </ClCompile>
    <ClCompile Include="common\parse.c">
      <Filter>common</Filter>
    </ClCompile>
    <ClCompile Include="common\patch.c">
      <Filter>common</Filter>
    </ClCompile>
    <ClCompile Include="common\project.c">
      <Filter>common</Filter>
    </ClCompile>
    <ClCompile Include="common\section.c">
      <Filter>common</Filter>
    </ClCompile>
    <ClCompile Include="common\symbol.c">
      <Filter>common</Filter>
    </ClCompile>
    <ClCompile Include="680x0\locerror.c">
      <Filter>local</Filter>
    </ClCompile>
    <ClCompile Include="680x0\loclexer.c">
      <Filter>local</Filter>
    </ClCompile>
    <ClCompile Include="680x0\locopt.c">
      <Filter>local</Filter>
    </ClCompile>
    <ClCompile Include="680x0\locparse.c">
      <Filter>local</Filter>
    </ClCompile>
    <ClCompile Include="680x0\locsym.c">
      <Filter>local</Filter>
    </ClCompile>
  </ItemGroup>
  <ItemGroup>
    <ClInclude Include="common\globlex.h">
      <Filter>common</Filter>
    </ClInclude>
    <ClInclude Include="common\amigaobj.h">
      <Filter>common</Filter>
    </ClInclude>
    <ClInclude Include="..\asmotor.h">
      <Filter>common</Filter>
    </ClInclude>
    <ClInclude Include="common\binobj.h">
      <Filter>common</Filter>
    </ClInclude>
    <ClInclude Include="common\expr.h">
      <Filter>common</Filter>
    </ClInclude>
    <ClInclude Include="common\fstack.h">
      <Filter>common</Filter>
    </ClInclude>
    <ClInclude Include="common\lists.h">
      <Filter>common</Filter>
    </ClInclude>
    <ClInclude Include="common\lexer.h">
      <Filter>common</Filter>
    </ClInclude>
    <ClInclude Include="r68kasm\pseudoop.h">
      <Filter>common</Filter>
    </ClInclude>
    <ClInclude Include="common\object.h">
      <Filter>common</Filter>
    </ClInclude>
    <ClInclude Include="common\options.h">
      <Filter>common</Filter>
    </ClInclude>
    <ClInclude Include="common\parse.h">
      <Filter>common</Filter>
    </ClInclude>
    <ClInclude Include="common\patch.h">
      <Filter>common</Filter>
    </ClInclude>
    <ClInclude Include="common\project.h">
      <Filter>common</Filter>
    </ClInclude>
    <ClInclude Include="common\xasm.h">
      <Filter>common</Filter>
    </ClInclude>
    <ClInclude Include="common\section.h">
      <Filter>common</Filter>
    </ClInclude>
    <ClInclude Include="common\symbol.h">
      <Filter>common</Filter>
    </ClInclude>
    <ClInclude Include="common\tokens.h">
      <Filter>common</Filter>
    </ClInclude>
    <ClInclude Include="..\types.h">
      <Filter>common</Filter>
    </ClInclude>
    <ClInclude Include="680x0\addrmode.h">
      <Filter>local</Filter>
    </ClInclude>
    <ClInclude Include="680x0\intinstr.h">
      <Filter>local</Filter>
    </ClInclude>
    <ClInclude Include="680x0\localasm.h">
      <Filter>local</Filter>
    </ClInclude>
    <ClInclude Include="680x0\loccpu.h">
      <Filter>local</Filter>
    </ClInclude>
    <ClInclude Include="680x0\locopt.h">
      <Filter>local</Filter>
    </ClInclude>
    <ClInclude Include="680x0\pseudoop.h">
      <Filter>local</Filter>
    </ClInclude>
  </ItemGroup>
  <ItemGroup>
    <Filter Include="common">
      <UniqueIdentifier>{bad1ca33-523b-4c4b-a754-d1aaf8386037}</UniqueIdentifier>
    </Filter>
    <Filter Include="local">
      <UniqueIdentifier>{85e7103b-437c-4814-a2fd-21dace1e161b}</UniqueIdentifier>
    </Filter>
    <Filter Include="test">
      <UniqueIdentifier>{d45be205-74f9-4432-8fb9-8f92a7cc4380}</UniqueIdentifier>
    </Filter>
  </ItemGroup>
  <ItemGroup>
    <None Include="680x0\test\amigaexe.68k">
      <Filter>test</Filter>
    </None>
    <None Include="680x0\test\amigaobj.68k">
      <Filter>test</Filter>
    </None>
    <None Include="680x0\test\rept.68k">
      <Filter>test</Filter>
    </None>
    <None Include="680x0\test\test.68k">
      <Filter>test</Filter>
    </None>
  </ItemGroup>
</Project>