<?xml version="1.0" encoding="utf-8"?>
<Project ToolsVersion="4.0" xmlns="http://schemas.microsoft.com/developer/msbuild/2003">
  <ItemGroup>
    <ClCompile Include="common\amigaobj.c">
      <Filter>common</Filter>
    </ClCompile>
    <ClCompile Include="common\binobj.c">
      <Filter>common</Filter>
    </ClCompile>
    <ClCompile Include="common\fstack.c">
      <Filter>common</Filter>
    </ClCompile>
    <ClCompile Include="common\globlex.c">
      <Filter>common</Filter>
    </ClCompile>
    <ClCompile Include="common\lexer.c">
      <Filter>common</Filter>
    </ClCompile>
    <ClCompile Include="gameboy\locsym.c">
      <Filter>local</Filter>
    </ClCompile>
    <ClCompile Include="gameboy\locerror.c">
      <Filter>local</Filter>
    </ClCompile>
    <ClCompile Include="gameboy\loclexer.c">
      <Filter>local</Filter>
    </ClCompile>
    <ClCompile Include="gameboy\locopt.c">
      <Filter>local</Filter>
    </ClCompile>
    <ClCompile Include="gameboy\locparse.c">
      <Filter>local</Filter>
    </ClCompile>
    <ClCompile Include="common\main.c">
      <Filter>common</Filter>
    </ClCompile>
    <ClCompile Include="common\object.c">
      <Filter>common</Filter>
    </ClCompile>
    <ClCompile Include="common\options.c">
      <Filter>common</Filter>
    </ClCompile>
    <ClCompile Include="common\parse.c">
      <Filter>common</Filter>
    </ClCompile>
    <ClCompile Include="common\patch.c">
      <Filter>common</Filter>
    </ClCompile>
    <ClCompile Include="common\project.c">
      <Filter>common</Filter>
    </ClCompile>
    <ClCompile Include="common\section.c">
      <Filter>common</Filter>
    </ClCompile>
    <ClCompile Include="common\symbol.c">
      <Filter>common</Filter>
    </ClCompile>
  </ItemGroup>
  <ItemGroup>
    <ClInclude Include="common\lists.h">
      <Filter>common</Filter>
    </ClInclude>
    <ClInclude Include="common\binobj.h">
      <Filter>common</Filter>
    </ClInclude>
    <ClInclude Include="common\expr.h">
      <Filter>common</Filter>
    </ClInclude>
    <ClInclude Include="common\fstack.h">
      <Filter>common</Filter>
    </ClInclude>
    <ClInclude Include="common\globlex.h">
      <Filter>common</Filter>
    </ClInclude>
    <ClInclude Include="common\lexer.h">
      <Filter>common</Filter>
    </ClInclude>
    <ClInclude Include="gameboy\localasm.h">
      <Filter>local</Filter>
    </ClInclude>
    <ClInclude Include="gameboy\locopt.h">
      <Filter>local</Filter>
    </ClInclude>
    <ClInclude Include="common\xasm.h">
      <Filter>common</Filter>
    </ClInclude>
    <ClInclude Include="common\object.h">
      <Filter>common</Filter>
    </ClInclude>
    <ClInclude Include="common\options.h">
      <Filter>common</Filter>
    </ClInclude>
    <ClInclude Include="common\parse.h">
      <Filter>common</Filter>
    </ClInclude>
    <ClInclude Include="common\patch.h">
      <Filter>common</Filter>
    </ClInclude>
    <ClInclude Include="common\project.h">
      <Filter>common</Filter>
    </ClInclude>
    <ClInclude Include="common\section.h">
      <Filter>common</Filter>
    </ClInclude>
    <ClInclude Include="common\symbol.h">
      <Filter>common</Filter>
    </ClInclude>
    <ClInclude Include="common\tokens.h">
      <Filter>common</Filter>
    </ClInclude>
  </ItemGroup>
  <ItemGroup>
    <Filter Include="common">
      <UniqueIdentifier>{643d51dd-14e3-4061-8f99-d2c4bb6fd14c}</UniqueIdentifier>
    </Filter>
    <Filter Include="local">
      <UniqueIdentifier>{3b5b1f4e-4780-477c-8a79-877b724310fb}</UniqueIdentifier>
    </Filter>
    <Filter Include="test">
      <UniqueIdentifier>{5eda2cf2-8ebb-4281-bcf3-ea13862facb0}</UniqueIdentifier>
    </Filter>
    <Filter Include="test\irqtest">
      <UniqueIdentifier>{14815fd3-795a-4652-99aa-bcf89b90048b}</UniqueIdentifier>
    </Filter>
    <Filter Include="test\minios">
      <UniqueIdentifier>{8cf1017d-76b9-41b2-8f8b-63c4b371237f}</UniqueIdentifier>
    </Filter>
    <Filter Include="test\minios\include">
      <UniqueIdentifier>{930f4b18-e1fb-40b7-9d35-c2719b63eb3a}</UniqueIdentifier>
    </Filter>
    <Filter Include="test\slideshow">
      <UniqueIdentifier>{182d5764-2710-43da-905d-aa627fe4fdf1}</UniqueIdentifier>
    </Filter>
  </ItemGroup>
  <ItemGroup>
    <None Include="gameboy\test\irqtest\irqtest.asm">
      <Filter>test\irqtest</Filter>
    </None>
    <None Include="gameboy\test\irqtest\m.bat">
      <Filter>test\irqtest</Filter>
    </None>
    <None Include="gameboy\test\minios\irq.asm">
      <Filter>test\minios</Filter>
    </None>
    <None Include="gameboy\test\minios\m.bat">
      <Filter>test\minios</Filter>
    </None>
    <None Include="gameboy\test\minios\makefile">
      <Filter>test\minios</Filter>
    </None>
    <None Include="gameboy\test\minios\never.asm">
      <Filter>test\minios</Filter>
    </None>
    <None Include="gameboy\test\minios\utility.asm">
      <Filter>test\minios</Filter>
    </None>
    <None Include="gameboy\test\minios\include\hardware.i">
      <Filter>test\minios\include</Filter>
    </None>
    <None Include="gameboy\test\minios\include\irq.i">
      <Filter>test\minios\include</Filter>
    </None>
    <None Include="gameboy\test\minios\include\utility.i">
      <Filter>test\minios\include</Filter>
    </None>
    <None Include="gameboy\test\slidshow\m.bat">
      <Filter>test\slideshow</Filter>
    </None>
    <None Include="gameboy\test\slidshow\main.asm">
      <Filter>test\slideshow</Filter>
    </None>
    <None Include="gameboy\test\slidshow\Makefile">
      <Filter>test\slideshow</Filter>
    </None>
    <None Include="gameboy\test\slidshow\pics.asm">
      <Filter>test\slideshow</Filter>
    </None>
    <None Include="gameboy\test\slidshow\user.asm">
      <Filter>test\slideshow</Filter>
    </None>
  </ItemGroup>
</Project>