<?xml version="1.0" encoding="utf-8"?>
<Project ToolsVersion="4.0" xmlns="http://schemas.microsoft.com/developer/msbuild/2003">
  <ItemGroup>
    <ClCompile Include="common\amigaobj.c">
      <Filter>common</Filter>
    </ClCompile>
    <ClCompile Include="common\binobj.c">
      <Filter>common</Filter>
    </ClCompile>
    <ClCompile Include="common\fstack.c">
      <Filter>common</Filter>
    </ClCompile>
    <ClCompile Include="common\globlex.c">
      <Filter>common</Filter>
    </ClCompile>
    <ClCompile Include="common\lexer.c">
      <Filter>common</Filter>
    </ClCompile>
    <ClCompile Include="common\main.c">
      <Filter>common</Filter>
    </ClCompile>
    <ClCompile Include="common\object.c">
      <Filter>common</Filter>
    </ClCompile>
    <ClCompile Include="common\options.c">
      <Filter>common</Filter>
    </ClCompile>
    <ClCompile Include="common\parse.c">
      <Filter>common</Filter>
    </ClCompile>
    <ClCompile Include="common\patch.c">
      <Filter>common</Filter>
    </ClCompile>
    <ClCompile Include="common\project.c">
      <Filter>common</Filter>
    </ClCompile>
    <ClCompile Include="common\section.c">
      <Filter>common</Filter>
    </ClCompile>
    <ClCompile Include="common\symbol.c">
      <Filter>common</Filter>
    </ClCompile>
    <ClCompile Include="mips\locerror.c">
      <Filter>local</Filter>
    </ClCompile>
    <ClCompile Include="mips\loclexer.c">
      <Filter>local</Filter>
    </ClCompile>
    <ClCompile Include="mips\locopt.c">
      <Filter>local</Filter>
    </ClCompile>
    <ClCompile Include="mips\locparse.c">
      <Filter>local</Filter>
    </ClCompile>
    <ClCompile Include="mips\locsym.c">
      <Filter>local</Filter>
    </ClCompile>
  </ItemGroup>
  <ItemGroup>
    <ClInclude Include="common\globlex.h">
      <Filter>common</Filter>
    </ClInclude>
    <ClInclude Include="common\amigaobj.h">
      <Filter>common</Filter>
    </ClInclude>
    <ClInclude Include="..\asmotor.h">
      <Filter>common</Filter>
    </ClInclude>
    <ClInclude Include="common\binobj.h">
      <Filter>common</Filter>
    </ClInclude>
    <ClInclude Include="common\expr.h">
      <Filter>common</Filter>
    </ClInclude>
    <ClInclude Include="common\fstack.h">
      <Filter>common</Filter>
    </ClInclude>
    <ClInclude Include="common\lists.h">
      <Filter>common</Filter>
    </ClInclude>
    <ClInclude Include="common\lexer.h">
      <Filter>common</Filter>
    </ClInclude>
    <ClInclude Include="common\xasm.h">
      <Filter>common</Filter>
    </ClInclude>
    <ClInclude Include="common\object.h">
      <Filter>common</Filter>
    </ClInclude>
    <ClInclude Include="common\options.h">
      <Filter>common</Filter>
    </ClInclude>
    <ClInclude Include="common\parse.h">
      <Filter>common</Filter>
    </ClInclude>
    <ClInclude Include="common\patch.h">
      <Filter>common</Filter>
    </ClInclude>
    <ClInclude Include="common\project.h">
      <Filter>common</Filter>
    </ClInclude>
    <ClInclude Include="common\section.h">
      <Filter>common</Filter>
    </ClInclude>
    <ClInclude Include="common\symbol.h">
      <Filter>common</Filter>
    </ClInclude>
    <ClInclude Include="common\tokens.h">
      <Filter>common</Filter>
    </ClInclude>
    <ClInclude Include="..\types.h">
      <Filter>common</Filter>
    </ClInclude>
    <ClInclude Include="mips\intinstr.h">
      <Filter>local</Filter>
    </ClInclude>
    <ClInclude Include="mips\localasm.h">
      <Filter>local</Filter>
    </ClInclude>
    <ClInclude Include="mips\loccpu.h">
      <Filter>local</Filter>
    </ClInclude>
    <ClInclude Include="mips\locopt.h">
      <Filter>local</Filter>
    </ClInclude>
  </ItemGroup>
  <ItemGroup>
    <Filter Include="common">
      <UniqueIdentifier>{cd261155-b66e-480c-a120-a92258b95a91}</UniqueIdentifier>
    </Filter>
    <Filter Include="local">
      <UniqueIdentifier>{d4ddd977-9361-4667-a871-63bc4af0656e}</UniqueIdentifier>
    </Filter>
    <Filter Include="test">
      <UniqueIdentifier>{d04538bf-10e4-4bdd-a600-3e6eb6c4df1b}</UniqueIdentifier>
    </Filter>
  </ItemGroup>
  <ItemGroup>
    <None Include="mips\test\mips.asm">
      <Filter>test</Filter>
    </None>
  </ItemGroup>
</Project>